
Microsoft Visual Studio Solution File, Format Version 12.00
# Visual Studio Version 16
VisualStudioVersion = 16.0.30204.135
MinimumVisualStudioVersion = 10.0.40219.1
Project("{8BC9CEB8-8B4A-11D0-8D11-00A0C91BC942}") = "GameApp", "GameApp\GameApp.vcxproj", "{E60447AC-A18F-4A92-978B-C4D3F1EA8432}"
EndProject
Project("{8BC9CEB8-8B4A-11D0-8D11-00A0C91BC942}") = "Testing", "Testing\Testing.vcxproj", "{F551D502-F3E3-4075-9CB7-4F9A05736C5F}"
	ProjectSection(ProjectDependencies) = postProject
		{E60447AC-A18F-4A92-978B-C4D3F1EA8432} = {E60447AC-A18F-4A92-978B-C4D3F1EA8432}
	EndProjectSection
EndProject
Global
	GlobalSection(SolutionConfigurationPlatforms) = preSolution
		Debug|x64 = Debug|x64
		Debug|x86 = Debug|x86
		Release|x64 = Release|x64
		Release|x86 = Release|x86
	EndGlobalSection
	GlobalSection(ProjectConfigurationPlatforms) = postSolution
		{E60447AC-A18F-4A92-978B-C4D3F1EA8432}.Debug|x64.ActiveCfg = Debug|x64
		{E60447AC-A18F-4A92-978B-C4D3F1EA8432}.Debug|x64.Build.0 = Debug|x64
		{E60447AC-A18F-4A92-978B-C4D3F1EA8432}.Debug|x86.ActiveCfg = Debug|Win32
		{E60447AC-A18F-4A92-978B-C4D3F1EA8432}.Debug|x86.Build.0 = Debug|Win32
		{E60447AC-A18F-4A92-978B-C4D3F1EA8432}.Release|x64.ActiveCfg = Release|x64
		{E60447AC-A18F-4A92-978B-C4D3F1EA8432}.Release|x64.Build.0 = Release|x64
		{E60447AC-A18F-4A92-978B-C4D3F1EA8432}.Release|x86.ActiveCfg = Release|Win32
		{E60447AC-A18F-4A92-978B-C4D3F1EA8432}.Release|x86.Build.0 = Release|Win32
		{F551D502-F3E3-4075-9CB7-4F9A05736C5F}.Debug|x64.ActiveCfg = Debug|x64
		{F551D502-F3E3-4075-9CB7-4F9A05736C5F}.Debug|x64.Build.0 = Debug|x64
		{F551D502-F3E3-4075-9CB7-4F9A05736C5F}.Debug|x86.ActiveCfg = Debug|Win32
		{F551D502-F3E3-4075-9CB7-4F9A05736C5F}.Debug|x86.Build.0 = Debug|Win32
		{F551D502-F3E3-4075-9CB7-4F9A05736C5F}.Release|x64.ActiveCfg = Release|x64
		{F551D502-F3E3-4075-9CB7-4F9A05736C5F}.Release|x64.Build.0 = Release|x64
		{F551D502-F3E3-4075-9CB7-4F9A05736C5F}.Release|x86.ActiveCfg = Release|Win32
		{F551D502-F3E3-4075-9CB7-4F9A05736C5F}.Release|x86.Build.0 = Release|Win32
	EndGlobalSection
	GlobalSection(SolutionProperties) = preSolution
		HideSolutionNode = FALSE
	EndGlobalSection
	GlobalSection(ExtensibilityGlobals) = postSolution
		SolutionGuid = {7CEA2E76-ECB6-4339-AF88-F8CA6A1886F9}
	EndGlobalSection
EndGlobal
